{
  "name": "phone_dropdownpanel",
  "version": "1.0.0",
  "lockfileVersion": 1,
  "requires": true,
  "dependencies": {
    "@ohos/autorotatecomponent": {
      "version": "file:../../../features/autorotatecomponent"
    },
    "@ohos/batterycomponent": {
      "version": "file:../../../features/batterycomponent"
    },
    "@ohos/bluetoothcomponent": {
      "version": "file:../../../features/bluetoothcomponent"
    },
    "@ohos/clockcomponent": {
      "version": "file:../../../features/clockcomponent"
    },
    "@ohos/controlcentercomponent": {
      "version": "file:../../../features/controlcentercomponent"
    },
    "@ohos/locationcomponent": {
      "version": "file:../../../features/locationcomponent"
    },
    "@ohos/noticeitem": {
      "version": "file:../../../features/noticeitem"
    },
    "@ohos/ringmodecomponent": {
      "version": "file:../../../features/ringmodecomponent"
    },
    "@ohos/signalcomponent": {
      "version": "file:../../../features/signalcomponent"
    },
    "@ohos/statusbarcomponent": {
      "version": "file:../../../features/statusbarcomponent"
    },
    "@ohos/wificomponent": {
      "version": "file:../../../features/wificomponent"
    }
  }
}
