{
  "name": "pc_controlpanel",
  "version": "1.0.0",
  "lockfileVersion": 1,
  "requires": true,
  "dependencies": {
    "@ohos/autorotatecomponent": {
      "version": "file:../../../features/autorotatecomponent"
    },
    "@ohos/controlcentercomponent": {
      "version": "file:../../../features/controlcentercomponent"
    }
  }
}
