{
  "name": "pc_statusbar",
  "version": "1.0.0",
  "lockfileVersion": 1,
  "requires": true,
  "dependencies": {
    "@ohos/batterycomponent": {
      "version": "file:../../../features/batterycomponent"
    },
    "@ohos/bluetoothcomponent": {
      "version": "file:../../../features/bluetoothcomponent"
    },
    "@ohos/capsulecomponent": {
      "version": "file:../../../features/capsulecomponent"
    },
    "@ohos/clockcomponent": {
      "version": "file:../../../features/clockcomponent"
    },
    "@ohos/locationcomponent": {
      "version": "file:../../../features/locationcomponent"
    },
    "@ohos/ringmodecomponent": {
      "version": "file:../../../features/ringmodecomponent"
    },
    "@ohos/signalcomponent": {
      "version": "file:../../../features/signalcomponent"
    },
    "@ohos/statusbarcomponent": {
      "version": "file:../../../features/statusbarcomponent"
    },
    "@ohos/wificomponent": {
      "version": "file:../../../features/wificomponent"
    }
  }
}
